
Microsoft Visual Studio Solution File, Format Version 12.00
# Visual Studio Version 17
VisualStudioVersion = 17.7.34221.43
MinimumVisualStudioVersion = 10.0.40219.1
Project("{FAE04EC0-301F-11D3-BF4B-00C04F79EFBC}") = "myMLApp", "myMLApp\myMLApp.csproj", "{9C3897E5-F4A9-4D6E-A343-092BD1091335}"
EndProject
Global
	GlobalSection(SolutionConfigurationPlatforms) = preSolution
		Debug|Any CPU = Debug|Any CPU
		Release|Any CPU = Release|Any CPU
	EndGlobalSection
	GlobalSection(ProjectConfigurationPlatforms) = postSolution
		{9C3897E5-F4A9-4D6E-A343-092BD1091335}.Debug|Any CPU.ActiveCfg = Debug|Any CPU
		{9C3897E5-F4A9-4D6E-A343-092BD1091335}.Debug|Any CPU.Build.0 = Debug|Any CPU
		{9C3897E5-F4A9-4D6E-A343-092BD1091335}.Release|Any CPU.ActiveCfg = Release|Any CPU
		{9C3897E5-F4A9-4D6E-A343-092BD1091335}.Release|Any CPU.Build.0 = Release|Any CPU
	EndGlobalSection
	GlobalSection(SolutionProperties) = preSolution
		HideSolutionNode = FALSE
	EndGlobalSection
	GlobalSection(ExtensibilityGlobals) = postSolution
		SolutionGuid = {76F18567-F4EE-4916-83D4-B0E9DDC1CB13}
	EndGlobalSection
EndGlobal
